
Microsoft Visual Studio Solution File, Format Version 12.00
# Visual Studio Version 17
VisualStudioVersion = 17.10.35013.160
MinimumVisualStudioVersion = 10.0.40219.1
Project("{FAE04EC0-301F-11D3-BF4B-00C04F79EFBC}") = "Pizza-Backend", "Pizza-Backend\Pizza-Backend.csproj", "{0AD30C57-3856-4CFD-A7A8-FFBA44D843CD}"
EndProject
Global
	GlobalSection(SolutionConfigurationPlatforms) = preSolution
		Debug|Any CPU = Debug|Any CPU
		Release|Any CPU = Release|Any CPU
	EndGlobalSection
	GlobalSection(ProjectConfigurationPlatforms) = postSolution
		{0AD30C57-3856-4CFD-A7A8-FFBA44D843CD}.Debug|Any CPU.ActiveCfg = Debug|Any CPU
		{0AD30C57-3856-4CFD-A7A8-FFBA44D843CD}.Debug|Any CPU.Build.0 = Debug|Any CPU
		{0AD30C57-3856-4CFD-A7A8-FFBA44D843CD}.Release|Any CPU.ActiveCfg = Release|Any CPU
		{0AD30C57-3856-4CFD-A7A8-FFBA44D843CD}.Release|Any CPU.Build.0 = Release|Any CPU
	EndGlobalSection
	GlobalSection(SolutionProperties) = preSolution
		HideSolutionNode = FALSE
	EndGlobalSection
	GlobalSection(ExtensibilityGlobals) = postSolution
		SolutionGuid = {791021FE-E1CF-4056-B331-B188C662018E}
	EndGlobalSection
EndGlobal
